
Microsoft Visual Studio Solution File, Format Version 12.00
# Visual Studio 15
VisualStudioVersion = 15.0.27130.2036
MinimumVisualStudioVersion = 10.0.40219.1
Project("{FAE04EC0-301F-11D3-BF4B-00C04F79EFBC}") = "CPR", "CPR\CPR.csproj", "{A1DE6EF0-50A6-4100-B3D8-C7408F84CF77}"
EndProject
Project("{FAE04EC0-301F-11D3-BF4B-00C04F79EFBC}") = "CPRUserControl", "CPRUserControl\CPRUserControl.csproj", "{C08E2B12-012C-4686-A212-D69FD7FC69BC}"
EndProject
Global
	GlobalSection(SolutionConfigurationPlatforms) = preSolution
		Debug|Any CPU = Debug|Any CPU
		Release|Any CPU = Release|Any CPU
	EndGlobalSection
	GlobalSection(ProjectConfigurationPlatforms) = postSolution
		{A1DE6EF0-50A6-4100-B3D8-C7408F84CF77}.Debug|Any CPU.ActiveCfg = Debug|Any CPU
		{A1DE6EF0-50A6-4100-B3D8-C7408F84CF77}.Debug|Any CPU.Build.0 = Debug|Any CPU
		{A1DE6EF0-50A6-4100-B3D8-C7408F84CF77}.Release|Any CPU.ActiveCfg = Release|Any CPU
		{A1DE6EF0-50A6-4100-B3D8-C7408F84CF77}.Release|Any CPU.Build.0 = Release|Any CPU
		{C08E2B12-012C-4686-A212-D69FD7FC69BC}.Debug|Any CPU.ActiveCfg = Debug|Any CPU
		{C08E2B12-012C-4686-A212-D69FD7FC69BC}.Debug|Any CPU.Build.0 = Debug|Any CPU
		{C08E2B12-012C-4686-A212-D69FD7FC69BC}.Release|Any CPU.ActiveCfg = Release|Any CPU
		{C08E2B12-012C-4686-A212-D69FD7FC69BC}.Release|Any CPU.Build.0 = Release|Any CPU
	EndGlobalSection
	GlobalSection(SolutionProperties) = preSolution
		HideSolutionNode = FALSE
	EndGlobalSection
	GlobalSection(ExtensibilityGlobals) = postSolution
		SolutionGuid = {3F00031D-3BAF-4C75-9A28-CC7B21701923}
	EndGlobalSection
EndGlobal
