
Microsoft Visual Studio Solution File, Format Version 12.00
# Visual Studio 15
VisualStudioVersion = 15.0.27130.2036
MinimumVisualStudioVersion = 10.0.40219.1
Project("{FAE04EC0-301F-11D3-BF4B-00C04F79EFBC}") = "Lab11_1", "Lab11_1\Lab11_1.csproj", "{E685525A-09DA-42CF-8CD4-3A8F888AA6D9}"
EndProject
Global
	GlobalSection(SolutionConfigurationPlatforms) = preSolution
		Debug|Any CPU = Debug|Any CPU
		Release|Any CPU = Release|Any CPU
	EndGlobalSection
	GlobalSection(ProjectConfigurationPlatforms) = postSolution
		{E685525A-09DA-42CF-8CD4-3A8F888AA6D9}.Debug|Any CPU.ActiveCfg = Debug|Any CPU
		{E685525A-09DA-42CF-8CD4-3A8F888AA6D9}.Debug|Any CPU.Build.0 = Debug|Any CPU
		{E685525A-09DA-42CF-8CD4-3A8F888AA6D9}.Release|Any CPU.ActiveCfg = Release|Any CPU
		{E685525A-09DA-42CF-8CD4-3A8F888AA6D9}.Release|Any CPU.Build.0 = Release|Any CPU
	EndGlobalSection
	GlobalSection(SolutionProperties) = preSolution
		HideSolutionNode = FALSE
	EndGlobalSection
	GlobalSection(ExtensibilityGlobals) = postSolution
		SolutionGuid = {7A848CFA-A44F-494B-A0F9-05B7E285B48D}
	EndGlobalSection
EndGlobal
