
Microsoft Visual Studio Solution File, Format Version 12.00
# Visual Studio 15
VisualStudioVersion = 15.0.27130.2036
MinimumVisualStudioVersion = 10.0.40219.1
Project("{FAE04EC0-301F-11D3-BF4B-00C04F79EFBC}") = "09Settings", "09Settings\09Settings.csproj", "{244E9C3B-3223-4B0C-AA91-ABE96B36E7DF}"
EndProject
Global
	GlobalSection(SolutionConfigurationPlatforms) = preSolution
		Debug|Any CPU = Debug|Any CPU
		Release|Any CPU = Release|Any CPU
	EndGlobalSection
	GlobalSection(ProjectConfigurationPlatforms) = postSolution
		{244E9C3B-3223-4B0C-AA91-ABE96B36E7DF}.Debug|Any CPU.ActiveCfg = Debug|Any CPU
		{244E9C3B-3223-4B0C-AA91-ABE96B36E7DF}.Debug|Any CPU.Build.0 = Debug|Any CPU
		{244E9C3B-3223-4B0C-AA91-ABE96B36E7DF}.Release|Any CPU.ActiveCfg = Release|Any CPU
		{244E9C3B-3223-4B0C-AA91-ABE96B36E7DF}.Release|Any CPU.Build.0 = Release|Any CPU
	EndGlobalSection
	GlobalSection(SolutionProperties) = preSolution
		HideSolutionNode = FALSE
	EndGlobalSection
	GlobalSection(ExtensibilityGlobals) = postSolution
		SolutionGuid = {7D11397F-7114-48EA-8B92-D9A6C4E87798}
	EndGlobalSection
EndGlobal
